// !$*UTF8*$!
{
	archiveVersion = 1;
	classes = {
	};
	objectVersion = 56;
	objects = {

/* Begin PBXBuildFile section */
		1E3FB94D2BF11918005E9300 /* AppDelegate.swift in Sources */ = {isa = PBXBuildFile; fileRef = 1E3FB94C2BF11918005E9300 /* AppDelegate.swift */; };
		1E3FB94F2BF11918005E9300 /* SceneDelegate.swift in Sources */ = {isa = PBXBuildFile; fileRef = 1E3FB94E2BF11918005E9300 /* SceneDelegate.swift */; };
		1E3FB9512BF11918005E9300 /* ViewController.swift in Sources */ = {isa = PBXBuildFile; fileRef = 1E3FB9502BF11918005E9300 /* ViewController.swift */; };
		1E3FB9542BF11918005E9300 /* Main.storyboard in Resources */ = {isa = PBXBuildFile; fileRef = 1E3FB9522BF11918005E9300 /* Main.storyboard */; };
		1E3FB9562BF11919005E9300 /* Assets.xcassets in Resources */ = {isa = PBXBuildFile; fileRef = 1E3FB9552BF11919005E9300 /* Assets.xcassets */; };
		1E3FB9592BF11919005E9300 /* LaunchScreen.storyboard in Resources */ = {isa = PBXBuildFile; fileRef = 1E3FB9572BF11919005E9300 /* LaunchScreen.storyboard */; };
		1E3FB9642BF11919005E9300 /* SportProTests.swift in Sources */ = {isa = PBXBuildFile; fileRef = 1E3FB9632BF11919005E9300 /* SportProTests.swift */; };
		1E3FB96E2BF11919005E9300 /* SportProUITests.swift in Sources */ = {isa = PBXBuildFile; fileRef = 1E3FB96D2BF11919005E9300 /* SportProUITests.swift */; };
		1E3FB9702BF11919005E9300 /* SportProUITestsLaunchTests.swift in Sources */ = {isa = PBXBuildFile; fileRef = 1E3FB96F2BF11919005E9300 /* SportProUITestsLaunchTests.swift */; };
		1E3FB97E2BF11938005E9300 /* SportPro.xcdatamodeld in Sources */ = {isa = PBXBuildFile; fileRef = 1E3FB97C2BF11938005E9300 /* SportPro.xcdatamodeld */; };
		1E3FB9812BF119D1005E9300 /* LocalDataSource.swift in Sources */ = {isa = PBXBuildFile; fileRef = 1E3FB9802BF119D1005E9300 /* LocalDataSource.swift */; };
		1E3FB9832BF11A20005E9300 /* League.swift in Sources */ = {isa = PBXBuildFile; fileRef = 1E3FB9822BF11A20005E9300 /* League.swift */; };
		1E3FB9862BF11A74005E9300 /* RemoteDataSource.swift in Sources */ = {isa = PBXBuildFile; fileRef = 1E3FB9852BF11A74005E9300 /* RemoteDataSource.swift */; };
		1E3FB98E2BF11D6E005E9300 /* AllLeaguesTableViewController.swift in Sources */ = {isa = PBXBuildFile; fileRef = 1E3FB98D2BF11D6E005E9300 /* AllLeaguesTableViewController.swift */; };
		1E3FB9902BF11DA3005E9300 /* AllLeaguesViewModel.swift in Sources */ = {isa = PBXBuildFile; fileRef = 1E3FB98F2BF11DA3005E9300 /* AllLeaguesViewModel.swift */; };
		1E3FB9922BF11DD8005E9300 /* APIResultSportLeagues.swift in Sources */ = {isa = PBXBuildFile; fileRef = 1E3FB9912BF11DD8005E9300 /* APIResultSportLeagues.swift */; };
		1E3FB9942BF11E06005E9300 /* SportLeagues.swift in Sources */ = {isa = PBXBuildFile; fileRef = 1E3FB9932BF11E06005E9300 /* SportLeagues.swift */; };
		1E3FB9962BF11E43005E9300 /* SportType.swift in Sources */ = {isa = PBXBuildFile; fileRef = 1E3FB9952BF11E43005E9300 /* SportType.swift */; };
		1E3FB99C2BF120E6005E9300 /* FavoriteLeaguesViewModel.swift in Sources */ = {isa = PBXBuildFile; fileRef = 1E3FB99B2BF120E6005E9300 /* FavoriteLeaguesViewModel.swift */; };
		1E3FB99E2BF12219005E9300 /* FavoriteLeaguesTableViewController.swift in Sources */ = {isa = PBXBuildFile; fileRef = 1E3FB99D2BF12219005E9300 /* FavoriteLeaguesTableViewController.swift */; };
		BE41F5BC2BF1E7B4007FF137 /* HomeViewModel.swift in Sources */ = {isa = PBXBuildFile; fileRef = BE41F5BB2BF1E7B4007FF137 /* HomeViewModel.swift */; };
		BE41F5BF2BF1E82E007FF137 /* Sport.swift in Sources */ = {isa = PBXBuildFile; fileRef = BE41F5BE2BF1E82E007FF137 /* Sport.swift */; };
		BE41F5C32BF1E88D007FF137 /* HomeCollectionViewController.swift in Sources */ = {isa = PBXBuildFile; fileRef = BE41F5C22BF1E88D007FF137 /* HomeCollectionViewController.swift */; };
		BE41F5C52BF1E8DA007FF137 /* HomeCollectionViewCell.swift in Sources */ = {isa = PBXBuildFile; fileRef = BE41F5C42BF1E8DA007FF137 /* HomeCollectionViewCell.swift */; };
		BE41F5CA2BF1EC5C007FF137 /* CustomTableViewCell.swift in Sources */ = {isa = PBXBuildFile; fileRef = BE41F5C82BF1EC5C007FF137 /* CustomTableViewCell.swift */; };
		BE41F5CB2BF1EC5C007FF137 /* CustomTableViewCell.xib in Resources */ = {isa = PBXBuildFile; fileRef = BE41F5C92BF1EC5C007FF137 /* CustomTableViewCell.xib */; };
		BE41F5D12BF1EEE5007FF137 /* APITeam.swift in Sources */ = {isa = PBXBuildFile; fileRef = BE41F5D02BF1EEE5007FF137 /* APITeam.swift */; };
		BE41F5D32BF1EF1F007FF137 /* Players.swift in Sources */ = {isa = PBXBuildFile; fileRef = BE41F5D22BF1EF1F007FF137 /* Players.swift */; };
		BE41F5D52BF1EF37007FF137 /* APIResultTeams.swift in Sources */ = {isa = PBXBuildFile; fileRef = BE41F5D42BF1EF37007FF137 /* APIResultTeams.swift */; };
		BE41F5DB2BF1EFA7007FF137 /* APIResultLeagueEvents.swift in Sources */ = {isa = PBXBuildFile; fileRef = BE41F5DA2BF1EFA7007FF137 /* APIResultLeagueEvents.swift */; };
		BE41F5DD2BF1EFD3007FF137 /* LeagueEvent.swift in Sources */ = {isa = PBXBuildFile; fileRef = BE41F5DC2BF1EFD3007FF137 /* LeagueEvent.swift */; };
		BE41F5DF2BF1F6E1007FF137 /* LeagueDetailsViewModel.swift in Sources */ = {isa = PBXBuildFile; fileRef = BE41F5DE2BF1F6E1007FF137 /* LeagueDetailsViewModel.swift */; };
		BE41F5E22BF203EF007FF137 /* Team.swift in Sources */ = {isa = PBXBuildFile; fileRef = BE41F5E12BF203EF007FF137 /* Team.swift */; };
		BE41F5E42BF2072B007FF137 /* Alamofire in Frameworks */ = {isa = PBXBuildFile; productRef = BE41F5E32BF2072B007FF137 /* Alamofire */; };
/* End PBXBuildFile section */

/* Begin PBXContainerItemProxy section */
		1E3FB9602BF11919005E9300 /* PBXContainerItemProxy */ = {
			isa = PBXContainerItemProxy;
			containerPortal = 1E3FB9412BF11918005E9300 /* Project object */;
			proxyType = 1;
			remoteGlobalIDString = 1E3FB9482BF11918005E9300;
			remoteInfo = SportPro;
		};
		1E3FB96A2BF11919005E9300 /* PBXContainerItemProxy */ = {
			isa = PBXContainerItemProxy;
			containerPortal = 1E3FB9412BF11918005E9300 /* Project object */;
			proxyType = 1;
			remoteGlobalIDString = 1E3FB9482BF11918005E9300;
			remoteInfo = SportPro;
		};
/* End PBXContainerItemProxy section */

/* Begin PBXFileReference section */
		1E3FB9492BF11918005E9300 /* SportPro.app */ = {isa = PBXFileReference; explicitFileType = wrapper.application; includeInIndex = 0; path = SportPro.app; sourceTree = BUILT_PRODUCTS_DIR; };
		1E3FB94C2BF11918005E9300 /* AppDelegate.swift */ = {isa = PBXFileReference; lastKnownFileType = sourcecode.swift; path = AppDelegate.swift; sourceTree = "<group>"; };
		1E3FB94E2BF11918005E9300 /* SceneDelegate.swift */ = {isa = PBXFileReference; lastKnownFileType = sourcecode.swift; path = SceneDelegate.swift; sourceTree = "<group>"; };
		1E3FB9502BF11918005E9300 /* ViewController.swift */ = {isa = PBXFileReference; lastKnownFileType = sourcecode.swift; path = ViewController.swift; sourceTree = "<group>"; };
		1E3FB9532BF11918005E9300 /* Base */ = {isa = PBXFileReference; lastKnownFileType = file.storyboard; name = Base; path = Base.lproj/Main.storyboard; sourceTree = "<group>"; };
		1E3FB9552BF11919005E9300 /* Assets.xcassets */ = {isa = PBXFileReference; lastKnownFileType = folder.assetcatalog; path = Assets.xcassets; sourceTree = "<group>"; };
		1E3FB9582BF11919005E9300 /* Base */ = {isa = PBXFileReference; lastKnownFileType = file.storyboard; name = Base; path = Base.lproj/LaunchScreen.storyboard; sourceTree = "<group>"; };
		1E3FB95A2BF11919005E9300 /* Info.plist */ = {isa = PBXFileReference; lastKnownFileType = text.plist.xml; path = Info.plist; sourceTree = "<group>"; };
		1E3FB95F2BF11919005E9300 /* SportProTests.xctest */ = {isa = PBXFileReference; explicitFileType = wrapper.cfbundle; includeInIndex = 0; path = SportProTests.xctest; sourceTree = BUILT_PRODUCTS_DIR; };
		1E3FB9632BF11919005E9300 /* SportProTests.swift */ = {isa = PBXFileReference; lastKnownFileType = sourcecode.swift; path = SportProTests.swift; sourceTree = "<group>"; };
		1E3FB9692BF11919005E9300 /* SportProUITests.xctest */ = {isa = PBXFileReference; explicitFileType = wrapper.cfbundle; includeInIndex = 0; path = SportProUITests.xctest; sourceTree = BUILT_PRODUCTS_DIR; };
		1E3FB96D2BF11919005E9300 /* SportProUITests.swift */ = {isa = PBXFileReference; lastKnownFileType = sourcecode.swift; path = SportProUITests.swift; sourceTree = "<group>"; };
		1E3FB96F2BF11919005E9300 /* SportProUITestsLaunchTests.swift */ = {isa = PBXFileReference; lastKnownFileType = sourcecode.swift; path = SportProUITestsLaunchTests.swift; sourceTree = "<group>"; };
		1E3FB97D2BF11938005E9300 /* SportPro.xcdatamodel */ = {isa = PBXFileReference; lastKnownFileType = wrapper.xcdatamodel; path = SportPro.xcdatamodel; sourceTree = "<group>"; };
		1E3FB9802BF119D1005E9300 /* LocalDataSource.swift */ = {isa = PBXFileReference; lastKnownFileType = sourcecode.swift; path = LocalDataSource.swift; sourceTree = "<group>"; };
		1E3FB9822BF11A20005E9300 /* League.swift */ = {isa = PBXFileReference; lastKnownFileType = sourcecode.swift; path = League.swift; sourceTree = "<group>"; };
		1E3FB9852BF11A74005E9300 /* RemoteDataSource.swift */ = {isa = PBXFileReference; lastKnownFileType = sourcecode.swift; path = RemoteDataSource.swift; sourceTree = "<group>"; };
		1E3FB98D2BF11D6E005E9300 /* AllLeaguesTableViewController.swift */ = {isa = PBXFileReference; lastKnownFileType = sourcecode.swift; path = AllLeaguesTableViewController.swift; sourceTree = "<group>"; };
		1E3FB98F2BF11DA3005E9300 /* AllLeaguesViewModel.swift */ = {isa = PBXFileReference; lastKnownFileType = sourcecode.swift; path = AllLeaguesViewModel.swift; sourceTree = "<group>"; };
		1E3FB9912BF11DD8005E9300 /* APIResultSportLeagues.swift */ = {isa = PBXFileReference; lastKnownFileType = sourcecode.swift; path = APIResultSportLeagues.swift; sourceTree = "<group>"; };
		1E3FB9932BF11E06005E9300 /* SportLeagues.swift */ = {isa = PBXFileReference; lastKnownFileType = sourcecode.swift; path = SportLeagues.swift; sourceTree = "<group>"; };
		1E3FB9952BF11E43005E9300 /* SportType.swift */ = {isa = PBXFileReference; lastKnownFileType = sourcecode.swift; path = SportType.swift; sourceTree = "<group>"; };
		1E3FB99B2BF120E6005E9300 /* FavoriteLeaguesViewModel.swift */ = {isa = PBXFileReference; lastKnownFileType = sourcecode.swift; path = FavoriteLeaguesViewModel.swift; sourceTree = "<group>"; };
		1E3FB99D2BF12219005E9300 /* FavoriteLeaguesTableViewController.swift */ = {isa = PBXFileReference; lastKnownFileType = sourcecode.swift; path = FavoriteLeaguesTableViewController.swift; sourceTree = "<group>"; };
		BE41F5BB2BF1E7B4007FF137 /* HomeViewModel.swift */ = {isa = PBXFileReference; lastKnownFileType = sourcecode.swift; path = HomeViewModel.swift; sourceTree = "<group>"; };
		BE41F5BE2BF1E82E007FF137 /* Sport.swift */ = {isa = PBXFileReference; lastKnownFileType = sourcecode.swift; path = Sport.swift; sourceTree = "<group>"; };
		BE41F5C22BF1E88D007FF137 /* HomeCollectionViewController.swift */ = {isa = PBXFileReference; lastKnownFileType = sourcecode.swift; path = HomeCollectionViewController.swift; sourceTree = "<group>"; };
		BE41F5C42BF1E8DA007FF137 /* HomeCollectionViewCell.swift */ = {isa = PBXFileReference; lastKnownFileType = sourcecode.swift; path = HomeCollectionViewCell.swift; sourceTree = "<group>"; };
		BE41F5C82BF1EC5C007FF137 /* CustomTableViewCell.swift */ = {isa = PBXFileReference; lastKnownFileType = sourcecode.swift; path = CustomTableViewCell.swift; sourceTree = "<group>"; };
		BE41F5C92BF1EC5C007FF137 /* CustomTableViewCell.xib */ = {isa = PBXFileReference; lastKnownFileType = file.xib; path = CustomTableViewCell.xib; sourceTree = "<group>"; };
		BE41F5D02BF1EEE5007FF137 /* APITeam.swift */ = {isa = PBXFileReference; lastKnownFileType = sourcecode.swift; path = APITeam.swift; sourceTree = "<group>"; };
		BE41F5D22BF1EF1F007FF137 /* Players.swift */ = {isa = PBXFileReference; lastKnownFileType = sourcecode.swift; path = Players.swift; sourceTree = "<group>"; };
		BE41F5D42BF1EF37007FF137 /* APIResultTeams.swift */ = {isa = PBXFileReference; lastKnownFileType = sourcecode.swift; path = APIResultTeams.swift; sourceTree = "<group>"; };
		BE41F5DA2BF1EFA7007FF137 /* APIResultLeagueEvents.swift */ = {isa = PBXFileReference; lastKnownFileType = sourcecode.swift; path = APIResultLeagueEvents.swift; sourceTree = "<group>"; };
		BE41F5DC2BF1EFD3007FF137 /* LeagueEvent.swift */ = {isa = PBXFileReference; lastKnownFileType = sourcecode.swift; path = LeagueEvent.swift; sourceTree = "<group>"; };
		BE41F5DE2BF1F6E1007FF137 /* LeagueDetailsViewModel.swift */ = {isa = PBXFileReference; lastKnownFileType = sourcecode.swift; path = LeagueDetailsViewModel.swift; sourceTree = "<group>"; };
		BE41F5E12BF203EF007FF137 /* Team.swift */ = {isa = PBXFileReference; lastKnownFileType = sourcecode.swift; path = Team.swift; sourceTree = "<group>"; };
/* End PBXFileReference section */

/* Begin PBXFrameworksBuildPhase section */
		1E3FB9462BF11918005E9300 /* Frameworks */ = {
			isa = PBXFrameworksBuildPhase;
			buildActionMask = 2147483647;
			files = (
				BE41F5E42BF2072B007FF137 /* Alamofire in Frameworks */,
			);
			runOnlyForDeploymentPostprocessing = 0;
		};
		1E3FB95C2BF11919005E9300 /* Frameworks */ = {
			isa = PBXFrameworksBuildPhase;
			buildActionMask = 2147483647;
			files = (
			);
			runOnlyForDeploymentPostprocessing = 0;
		};
		1E3FB9662BF11919005E9300 /* Frameworks */ = {
			isa = PBXFrameworksBuildPhase;
			buildActionMask = 2147483647;
			files = (
			);
			runOnlyForDeploymentPostprocessing = 0;
		};
/* End PBXFrameworksBuildPhase section */

/* Begin PBXGroup section */
		1E3FB9402BF11918005E9300 = {
			isa = PBXGroup;
			children = (
				1E3FB94B2BF11918005E9300 /* SportPro */,
				1E3FB9622BF11919005E9300 /* SportProTests */,
				1E3FB96C2BF11919005E9300 /* SportProUITests */,
				1E3FB94A2BF11918005E9300 /* Products */,
			);
			sourceTree = "<group>";
		};
		1E3FB94A2BF11918005E9300 /* Products */ = {
			isa = PBXGroup;
			children = (
				1E3FB9492BF11918005E9300 /* SportPro.app */,
				1E3FB95F2BF11919005E9300 /* SportProTests.xctest */,
				1E3FB9692BF11919005E9300 /* SportProUITests.xctest */,
			);
			name = Products;
			sourceTree = "<group>";
		};
		1E3FB94B2BF11918005E9300 /* SportPro */ = {
			isa = PBXGroup;
			children = (
				1E3FB9882BF11D28005E9300 /* Modules */,
				1E3FB9842BF11A54005E9300 /* Service */,
				1E3FB97F2BF119B3005E9300 /* DB */,
				1E3FB94C2BF11918005E9300 /* AppDelegate.swift */,
				1E3FB94E2BF11918005E9300 /* SceneDelegate.swift */,
				1E3FB9502BF11918005E9300 /* ViewController.swift */,
				1E3FB9522BF11918005E9300 /* Main.storyboard */,
				1E3FB9552BF11919005E9300 /* Assets.xcassets */,
				1E3FB9572BF11919005E9300 /* LaunchScreen.storyboard */,
				1E3FB95A2BF11919005E9300 /* Info.plist */,
			);
			path = SportPro;
			sourceTree = "<group>";
		};
		1E3FB9622BF11919005E9300 /* SportProTests */ = {
			isa = PBXGroup;
			children = (
				1E3FB9632BF11919005E9300 /* SportProTests.swift */,
			);
			path = SportProTests;
			sourceTree = "<group>";
		};
		1E3FB96C2BF11919005E9300 /* SportProUITests */ = {
			isa = PBXGroup;
			children = (
				1E3FB96D2BF11919005E9300 /* SportProUITests.swift */,
				1E3FB96F2BF11919005E9300 /* SportProUITestsLaunchTests.swift */,
			);
			path = SportProUITests;
			sourceTree = "<group>";
		};
		1E3FB97F2BF119B3005E9300 /* DB */ = {
			isa = PBXGroup;
			children = (
				1E3FB97C2BF11938005E9300 /* SportPro.xcdatamodeld */,
				1E3FB9802BF119D1005E9300 /* LocalDataSource.swift */,
				1E3FB9822BF11A20005E9300 /* League.swift */,
			);
			path = DB;
			sourceTree = "<group>";
		};
		1E3FB9842BF11A54005E9300 /* Service */ = {
			isa = PBXGroup;
			children = (
				1E3FB9852BF11A74005E9300 /* RemoteDataSource.swift */,
			);
			path = Service;
			sourceTree = "<group>";
		};
		1E3FB9882BF11D28005E9300 /* Modules */ = {
			isa = PBXGroup;
			children = (
				BE41F5D62BF1EF6C007FF137 /* LeagueDetailsScreen */,
				BE41F5CC2BF1EE92007FF137 /* TeamDetailsScreen */,
				BE41F5BA2BF1E791007FF137 /* HomeScreen */,
				1E3FB9972BF120AE005E9300 /* FavoriteLeagueScreen */,
				1E3FB9892BF11D30005E9300 /* AllLeaguesScreen */,
			);
			path = Modules;
			sourceTree = "<group>";
		};
		1E3FB9892BF11D30005E9300 /* AllLeaguesScreen */ = {
			isa = PBXGroup;
			children = (
				1E3FB98C2BF11D52005E9300 /* Viewmodel */,
				1E3FB98B2BF11D44005E9300 /* View */,
				1E3FB98A2BF11D3D005E9300 /* Model */,
			);
			path = AllLeaguesScreen;
			sourceTree = "<group>";
		};
		1E3FB98A2BF11D3D005E9300 /* Model */ = {
			isa = PBXGroup;
			children = (
				1E3FB9912BF11DD8005E9300 /* APIResultSportLeagues.swift */,
				1E3FB9932BF11E06005E9300 /* SportLeagues.swift */,
				1E3FB9952BF11E43005E9300 /* SportType.swift */,
			);
			path = Model;
			sourceTree = "<group>";
		};
		1E3FB98B2BF11D44005E9300 /* View */ = {
			isa = PBXGroup;
			children = (
				1E3FB98D2BF11D6E005E9300 /* AllLeaguesTableViewController.swift */,
				BE41F5C82BF1EC5C007FF137 /* CustomTableViewCell.swift */,
				BE41F5C92BF1EC5C007FF137 /* CustomTableViewCell.xib */,
			);
			path = View;
			sourceTree = "<group>";
		};
		1E3FB98C2BF11D52005E9300 /* Viewmodel */ = {
			isa = PBXGroup;
			children = (
				1E3FB98F2BF11DA3005E9300 /* AllLeaguesViewModel.swift */,
			);
			path = Viewmodel;
			sourceTree = "<group>";
		};
		1E3FB9972BF120AE005E9300 /* FavoriteLeagueScreen */ = {
			isa = PBXGroup;
			children = (
				1E3FB99A2BF120CD005E9300 /* ViewModel */,
				1E3FB9992BF120C6005E9300 /* View */,
				1E3FB9982BF120BF005E9300 /* Model */,
			);
			path = FavoriteLeagueScreen;
			sourceTree = "<group>";
		};
		1E3FB9982BF120BF005E9300 /* Model */ = {
			isa = PBXGroup;
			children = (
			);
			path = Model;
			sourceTree = "<group>";
		};
		1E3FB9992BF120C6005E9300 /* View */ = {
			isa = PBXGroup;
			children = (
				1E3FB99D2BF12219005E9300 /* FavoriteLeaguesTableViewController.swift */,
			);
			path = View;
			sourceTree = "<group>";
		};
		1E3FB99A2BF120CD005E9300 /* ViewModel */ = {
			isa = PBXGroup;
			children = (
				1E3FB99B2BF120E6005E9300 /* FavoriteLeaguesViewModel.swift */,
			);
			path = ViewModel;
			sourceTree = "<group>";
		};
		BE41F5BA2BF1E791007FF137 /* HomeScreen */ = {
			isa = PBXGroup;
			children = (
				BE41F5C12BF1E852007FF137 /* View */,
				BE41F5C02BF1E83B007FF137 /* ViewModel */,
				BE41F5BD2BF1E822007FF137 /* Model */,
			);
			path = HomeScreen;
			sourceTree = "<group>";
		};
		BE41F5BD2BF1E822007FF137 /* Model */ = {
			isa = PBXGroup;
			children = (
				BE41F5BE2BF1E82E007FF137 /* Sport.swift */,
			);
			path = Model;
			sourceTree = "<group>";
		};
		BE41F5C02BF1E83B007FF137 /* ViewModel */ = {
			isa = PBXGroup;
			children = (
				BE41F5BB2BF1E7B4007FF137 /* HomeViewModel.swift */,
			);
			path = ViewModel;
			sourceTree = "<group>";
		};
		BE41F5C12BF1E852007FF137 /* View */ = {
			isa = PBXGroup;
			children = (
				BE41F5C22BF1E88D007FF137 /* HomeCollectionViewController.swift */,
				BE41F5C42BF1E8DA007FF137 /* HomeCollectionViewCell.swift */,
			);
			path = View;
			sourceTree = "<group>";
		};
		BE41F5CC2BF1EE92007FF137 /* TeamDetailsScreen */ = {
			isa = PBXGroup;
			children = (
				BE41F5CF2BF1EEC3007FF137 /* ViewModel */,
				BE41F5CE2BF1EEBB007FF137 /* Model */,
				BE41F5CD2BF1EEA3007FF137 /* View */,
			);
			path = TeamDetailsScreen;
			sourceTree = "<group>";
		};
		BE41F5CD2BF1EEA3007FF137 /* View */ = {
			isa = PBXGroup;
			children = (
			);
			path = View;
			sourceTree = "<group>";
		};
		BE41F5CE2BF1EEBB007FF137 /* Model */ = {
			isa = PBXGroup;
			children = (
				BE41F5D02BF1EEE5007FF137 /* APITeam.swift */,
				BE41F5D22BF1EF1F007FF137 /* Players.swift */,
				BE41F5D42BF1EF37007FF137 /* APIResultTeams.swift */,
			);
			path = Model;
			sourceTree = "<group>";
		};
		BE41F5CF2BF1EEC3007FF137 /* ViewModel */ = {
			isa = PBXGroup;
			children = (
			);
			path = ViewModel;
			sourceTree = "<group>";
		};
		BE41F5D62BF1EF6C007FF137 /* LeagueDetailsScreen */ = {
			isa = PBXGroup;
			children = (
				BE41F5D92BF1EF91007FF137 /* View */,
				BE41F5D82BF1EF87007FF137 /* ViewModel */,
				BE41F5D72BF1EF7E007FF137 /* Model */,
			);
			path = LeagueDetailsScreen;
			sourceTree = "<group>";
		};
		BE41F5D72BF1EF7E007FF137 /* Model */ = {
			isa = PBXGroup;
			children = (
				BE41F5DA2BF1EFA7007FF137 /* APIResultLeagueEvents.swift */,
				BE41F5DC2BF1EFD3007FF137 /* LeagueEvent.swift */,
				BE41F5E12BF203EF007FF137 /* Team.swift */,
			);
			path = Model;
			sourceTree = "<group>";
		};
		BE41F5D82BF1EF87007FF137 /* ViewModel */ = {
			isa = PBXGroup;
			children = (
				BE41F5DE2BF1F6E1007FF137 /* LeagueDetailsViewModel.swift */,
			);
			path = ViewModel;
			sourceTree = "<group>";
		};
		BE41F5D92BF1EF91007FF137 /* View */ = {
			isa = PBXGroup;
			children = (
			);
			path = View;
			sourceTree = "<group>";
		};
/* End PBXGroup section */

/* Begin PBXNativeTarget section */
		1E3FB9482BF11918005E9300 /* SportPro */ = {
			isa = PBXNativeTarget;
			buildConfigurationList = 1E3FB9732BF11919005E9300 /* Build configuration list for PBXNativeTarget "SportPro" */;
			buildPhases = (
				1E3FB9452BF11918005E9300 /* Sources */,
				1E3FB9462BF11918005E9300 /* Frameworks */,
				1E3FB9472BF11918005E9300 /* Resources */,
			);
			buildRules = (
			);
			dependencies = (
			);
			name = SportPro;
			packageProductDependencies = (
				BE41F5E32BF2072B007FF137 /* Alamofire */,
			);
			productName = SportPro;
			productReference = 1E3FB9492BF11918005E9300 /* SportPro.app */;
			productType = "com.apple.product-type.application";
		};
		1E3FB95E2BF11919005E9300 /* SportProTests */ = {
			isa = PBXNativeTarget;
			buildConfigurationList = 1E3FB9762BF11919005E9300 /* Build configuration list for PBXNativeTarget "SportProTests" */;
			buildPhases = (
				1E3FB95B2BF11919005E9300 /* Sources */,
				1E3FB95C2BF11919005E9300 /* Frameworks */,
				1E3FB95D2BF11919005E9300 /* Resources */,
			);
			buildRules = (
			);
			dependencies = (
				1E3FB9612BF11919005E9300 /* PBXTargetDependency */,
			);
			name = SportProTests;
			productName = SportProTests;
			productReference = 1E3FB95F2BF11919005E9300 /* SportProTests.xctest */;
			productType = "com.apple.product-type.bundle.unit-test";
		};
		1E3FB9682BF11919005E9300 /* SportProUITests */ = {
			isa = PBXNativeTarget;
			buildConfigurationList = 1E3FB9792BF11919005E9300 /* Build configuration list for PBXNativeTarget "SportProUITests" */;
			buildPhases = (
				1E3FB9652BF11919005E9300 /* Sources */,
				1E3FB9662BF11919005E9300 /* Frameworks */,
				1E3FB9672BF11919005E9300 /* Resources */,
			);
			buildRules = (
			);
			dependencies = (
				1E3FB96B2BF11919005E9300 /* PBXTargetDependency */,
			);
			name = SportProUITests;
			productName = SportProUITests;
			productReference = 1E3FB9692BF11919005E9300 /* SportProUITests.xctest */;
			productType = "com.apple.product-type.bundle.ui-testing";
		};
/* End PBXNativeTarget section */

/* Begin PBXProject section */
		1E3FB9412BF11918005E9300 /* Project object */ = {
			isa = PBXProject;
			attributes = {
				BuildIndependentTargetsInParallel = 1;
				LastSwiftUpdateCheck = 1510;
				LastUpgradeCheck = 1510;
				TargetAttributes = {
					1E3FB9482BF11918005E9300 = {
						CreatedOnToolsVersion = 15.1;
					};
					1E3FB95E2BF11919005E9300 = {
						CreatedOnToolsVersion = 15.1;
						TestTargetID = 1E3FB9482BF11918005E9300;
					};
					1E3FB9682BF11919005E9300 = {
						CreatedOnToolsVersion = 15.1;
						TestTargetID = 1E3FB9482BF11918005E9300;
					};
				};
			};
			buildConfigurationList = 1E3FB9442BF11918005E9300 /* Build configuration list for PBXProject "SportPro" */;
			compatibilityVersion = "Xcode 14.0";
			developmentRegion = en;
			hasScannedForEncodings = 0;
			knownRegions = (
				en,
				Base,
			);
			mainGroup = 1E3FB9402BF11918005E9300;
			packageReferences = (
				BE41F5E02BF1F9C3007FF137 /* XCRemoteSwiftPackageReference "Alamofire" */,
			);
			productRefGroup = 1E3FB94A2BF11918005E9300 /* Products */;
			projectDirPath = "";
			projectRoot = "";
			targets = (
				1E3FB9482BF11918005E9300 /* SportPro */,
				1E3FB95E2BF11919005E9300 /* SportProTests */,
				1E3FB9682BF11919005E9300 /* SportProUITests */,
			);
		};
/* End PBXProject section */

/* Begin PBXResourcesBuildPhase section */
		1E3FB9472BF11918005E9300 /* Resources */ = {
			isa = PBXResourcesBuildPhase;
			buildActionMask = 2147483647;
			files = (
				1E3FB9592BF11919005E9300 /* LaunchScreen.storyboard in Resources */,
				1E3FB9562BF11919005E9300 /* Assets.xcassets in Resources */,
				BE41F5CB2BF1EC5C007FF137 /* CustomTableViewCell.xib in Resources */,
				1E3FB9542BF11918005E9300 /* Main.storyboard in Resources */,
			);
			runOnlyForDeploymentPostprocessing = 0;
		};
		1E3FB95D2BF11919005E9300 /* Resources */ = {
			isa = PBXResourcesBuildPhase;
			buildActionMask = 2147483647;
			files = (
			);
			runOnlyForDeploymentPostprocessing = 0;
		};
		1E3FB9672BF11919005E9300 /* Resources */ = {
			isa = PBXResourcesBuildPhase;
			buildActionMask = 2147483647;
			files = (
			);
			runOnlyForDeploymentPostprocessing = 0;
		};
/* End PBXResourcesBuildPhase section */

/* Begin PBXSourcesBuildPhase section */
		1E3FB9452BF11918005E9300 /* Sources */ = {
			isa = PBXSourcesBuildPhase;
			buildActionMask = 2147483647;
			files = (
				BE41F5D52BF1EF37007FF137 /* APIResultTeams.swift in Sources */,
				1E3FB9962BF11E43005E9300 /* SportType.swift in Sources */,
				BE41F5E22BF203EF007FF137 /* Team.swift in Sources */,
				1E3FB99C2BF120E6005E9300 /* FavoriteLeaguesViewModel.swift in Sources */,
				1E3FB9812BF119D1005E9300 /* LocalDataSource.swift in Sources */,
				BE41F5D32BF1EF1F007FF137 /* Players.swift in Sources */,
				1E3FB9862BF11A74005E9300 /* RemoteDataSource.swift in Sources */,
				1E3FB99E2BF12219005E9300 /* FavoriteLeaguesTableViewController.swift in Sources */,
				BE41F5CA2BF1EC5C007FF137 /* CustomTableViewCell.swift in Sources */,
				BE41F5DB2BF1EFA7007FF137 /* APIResultLeagueEvents.swift in Sources */,
				BE41F5DD2BF1EFD3007FF137 /* LeagueEvent.swift in Sources */,
				BE41F5C52BF1E8DA007FF137 /* HomeCollectionViewCell.swift in Sources */,
				1E3FB9942BF11E06005E9300 /* SportLeagues.swift in Sources */,
				1E3FB9512BF11918005E9300 /* ViewController.swift in Sources */,
				BE41F5C32BF1E88D007FF137 /* HomeCollectionViewController.swift in Sources */,
				1E3FB9922BF11DD8005E9300 /* APIResultSportLeagues.swift in Sources */,
				BE41F5DF2BF1F6E1007FF137 /* LeagueDetailsViewModel.swift in Sources */,
				1E3FB94D2BF11918005E9300 /* AppDelegate.swift in Sources */,
				1E3FB98E2BF11D6E005E9300 /* AllLeaguesTableViewController.swift in Sources */,
				1E3FB97E2BF11938005E9300 /* SportPro.xcdatamodeld in Sources */,
				1E3FB9832BF11A20005E9300 /* League.swift in Sources */,
				1E3FB9902BF11DA3005E9300 /* AllLeaguesViewModel.swift in Sources */,
				BE41F5BC2BF1E7B4007FF137 /* HomeViewModel.swift in Sources */,
				BE41F5D12BF1EEE5007FF137 /* APITeam.swift in Sources */,
				BE41F5BF2BF1E82E007FF137 /* Sport.swift in Sources */,
				1E3FB94F2BF11918005E9300 /* SceneDelegate.swift in Sources */,
			);
			runOnlyForDeploymentPostprocessing = 0;
		};
		1E3FB95B2BF11919005E9300 /* Sources */ = {
			isa = PBXSourcesBuildPhase;
			buildActionMask = 2147483647;
			files = (
				1E3FB9642BF11919005E9300 /* SportProTests.swift in Sources */,
			);
			runOnlyForDeploymentPostprocessing = 0;
		};
		1E3FB9652BF11919005E9300 /* Sources */ = {
			isa = PBXSourcesBuildPhase;
			buildActionMask = 2147483647;
			files = (
				1E3FB9702BF11919005E9300 /* SportProUITestsLaunchTests.swift in Sources */,
				1E3FB96E2BF11919005E9300 /* SportProUITests.swift in Sources */,
			);
			runOnlyForDeploymentPostprocessing = 0;
		};
/* End PBXSourcesBuildPhase section */

/* Begin PBXTargetDependency section */
		1E3FB9612BF11919005E9300 /* PBXTargetDependency */ = {
			isa = PBXTargetDependency;
			target = 1E3FB9482BF11918005E9300 /* SportPro */;
			targetProxy = 1E3FB9602BF11919005E9300 /* PBXContainerItemProxy */;
		};
		1E3FB96B2BF11919005E9300 /* PBXTargetDependency */ = {
			isa = PBXTargetDependency;
			target = 1E3FB9482BF11918005E9300 /* SportPro */;
			targetProxy = 1E3FB96A2BF11919005E9300 /* PBXContainerItemProxy */;
		};
/* End PBXTargetDependency section */

/* Begin PBXVariantGroup section */
		1E3FB9522BF11918005E9300 /* Main.storyboard */ = {
			isa = PBXVariantGroup;
			children = (
				1E3FB9532BF11918005E9300 /* Base */,
			);
			name = Main.storyboard;
			sourceTree = "<group>";
		};
		1E3FB9572BF11919005E9300 /* LaunchScreen.storyboard */ = {
			isa = PBXVariantGroup;
			children = (
				1E3FB9582BF11919005E9300 /* Base */,
			);
			name = LaunchScreen.storyboard;
			sourceTree = "<group>";
		};
/* End PBXVariantGroup section */

/* Begin XCBuildConfiguration section */
		1E3FB9712BF11919005E9300 /* Debug */ = {
			isa = XCBuildConfiguration;
			buildSettings = {
				ALWAYS_SEARCH_USER_PATHS = NO;
				ASSETCATALOG_COMPILER_GENERATE_SWIFT_ASSET_SYMBOL_EXTENSIONS = YES;
				CLANG_ANALYZER_NONNULL = YES;
				CLANG_ANALYZER_NUMBER_OBJECT_CONVERSION = YES_AGGRESSIVE;
				CLANG_CXX_LANGUAGE_STANDARD = "gnu++20";
				CLANG_ENABLE_MODULES = YES;
				CLANG_ENABLE_OBJC_ARC = YES;
				CLANG_ENABLE_OBJC_WEAK = YES;
				CLANG_WARN_BLOCK_CAPTURE_AUTORELEASING = YES;
				CLANG_WARN_BOOL_CONVERSION = YES;
				CLANG_WARN_COMMA = YES;
				CLANG_WARN_CONSTANT_CONVERSION = YES;
				CLANG_WARN_DEPRECATED_OBJC_IMPLEMENTATIONS = YES;
				CLANG_WARN_DIRECT_OBJC_ISA_USAGE = YES_ERROR;
				CLANG_WARN_DOCUMENTATION_COMMENTS = YES;
				CLANG_WARN_EMPTY_BODY = YES;
				CLANG_WARN_ENUM_CONVERSION = YES;
				CLANG_WARN_INFINITE_RECURSION = YES;
				CLANG_WARN_INT_CONVERSION = YES;
				CLANG_WARN_NON_LITERAL_NULL_CONVERSION = YES;
				CLANG_WARN_OBJC_IMPLICIT_RETAIN_SELF = YES;
				CLANG_WARN_OBJC_LITERAL_CONVERSION = YES;
				CLANG_WARN_OBJC_ROOT_CLASS = YES_ERROR;
				CLANG_WARN_QUOTED_INCLUDE_IN_FRAMEWORK_HEADER = YES;
				CLANG_WARN_RANGE_LOOP_ANALYSIS = YES;
				CLANG_WARN_STRICT_PROTOTYPES = YES;
				CLANG_WARN_SUSPICIOUS_MOVE = YES;
				CLANG_WARN_UNGUARDED_AVAILABILITY = YES_AGGRESSIVE;
				CLANG_WARN_UNREACHABLE_CODE = YES;
				CLANG_WARN__DUPLICATE_METHOD_MATCH = YES;
				COPY_PHASE_STRIP = NO;
				DEBUG_INFORMATION_FORMAT = dwarf;
				ENABLE_STRICT_OBJC_MSGSEND = YES;
				ENABLE_TESTABILITY = YES;
				ENABLE_USER_SCRIPT_SANDBOXING = YES;
				GCC_C_LANGUAGE_STANDARD = gnu17;
				GCC_DYNAMIC_NO_PIC = NO;
				GCC_NO_COMMON_BLOCKS = YES;
				GCC_OPTIMIZATION_LEVEL = 0;
				GCC_PREPROCESSOR_DEFINITIONS = (
					"DEBUG=1",
					"$(inherited)",
				);
				GCC_WARN_64_TO_32_BIT_CONVERSION = YES;
				GCC_WARN_ABOUT_RETURN_TYPE = YES_ERROR;
				GCC_WARN_UNDECLARED_SELECTOR = YES;
				GCC_WARN_UNINITIALIZED_AUTOS = YES_AGGRESSIVE;
				GCC_WARN_UNUSED_FUNCTION = YES;
				GCC_WARN_UNUSED_VARIABLE = YES;
				IPHONEOS_DEPLOYMENT_TARGET = 17.2;
				LOCALIZATION_PREFERS_STRING_CATALOGS = YES;
				MTL_ENABLE_DEBUG_INFO = INCLUDE_SOURCE;
				MTL_FAST_MATH = YES;
				ONLY_ACTIVE_ARCH = YES;
				SDKROOT = iphoneos;
				SWIFT_ACTIVE_COMPILATION_CONDITIONS = "DEBUG $(inherited)";
				SWIFT_OPTIMIZATION_LEVEL = "-Onone";
			};
			name = Debug;
		};
		1E3FB9722BF11919005E9300 /* Release */ = {
			isa = XCBuildConfiguration;
			buildSettings = {
				ALWAYS_SEARCH_USER_PATHS = NO;
				ASSETCATALOG_COMPILER_GENERATE_SWIFT_ASSET_SYMBOL_EXTENSIONS = YES;
				CLANG_ANALYZER_NONNULL = YES;
				CLANG_ANALYZER_NUMBER_OBJECT_CONVERSION = YES_AGGRESSIVE;
				CLANG_CXX_LANGUAGE_STANDARD = "gnu++20";
				CLANG_ENABLE_MODULES = YES;
				CLANG_ENABLE_OBJC_ARC = YES;
				CLANG_ENABLE_OBJC_WEAK = YES;
				CLANG_WARN_BLOCK_CAPTURE_AUTORELEASING = YES;
				CLANG_WARN_BOOL_CONVERSION = YES;
				CLANG_WARN_COMMA = YES;
				CLANG_WARN_CONSTANT_CONVERSION = YES;
				CLANG_WARN_DEPRECATED_OBJC_IMPLEMENTATIONS = YES;
				CLANG_WARN_DIRECT_OBJC_ISA_USAGE = YES_ERROR;
				CLANG_WARN_DOCUMENTATION_COMMENTS = YES;
				CLANG_WARN_EMPTY_BODY = YES;
				CLANG_WARN_ENUM_CONVERSION = YES;
				CLANG_WARN_INFINITE_RECURSION = YES;
				CLANG_WARN_INT_CONVERSION = YES;
				CLANG_WARN_NON_LITERAL_NULL_CONVERSION = YES;
				CLANG_WARN_OBJC_IMPLICIT_RETAIN_SELF = YES;
				CLANG_WARN_OBJC_LITERAL_CONVERSION = YES;
				CLANG_WARN_OBJC_ROOT_CLASS = YES_ERROR;
				CLANG_WARN_QUOTED_INCLUDE_IN_FRAMEWORK_HEADER = YES;
				CLANG_WARN_RANGE_LOOP_ANALYSIS = YES;
				CLANG_WARN_STRICT_PROTOTYPES = YES;
				CLANG_WARN_SUSPICIOUS_MOVE = YES;
				CLANG_WARN_UNGUARDED_AVAILABILITY = YES_AGGRESSIVE;
				CLANG_WARN_UNREACHABLE_CODE = YES;
				CLANG_WARN__DUPLICATE_METHOD_MATCH = YES;
				COPY_PHASE_STRIP = NO;
				DEBUG_INFORMATION_FORMAT = "dwarf-with-dsym";
				ENABLE_NS_ASSERTIONS = NO;
				ENABLE_STRICT_OBJC_MSGSEND = YES;
				ENABLE_USER_SCRIPT_SANDBOXING = YES;
				GCC_C_LANGUAGE_STANDARD = gnu17;
				GCC_NO_COMMON_BLOCKS = YES;
				GCC_WARN_64_TO_32_BIT_CONVERSION = YES;
				GCC_WARN_ABOUT_RETURN_TYPE = YES_ERROR;
				GCC_WARN_UNDECLARED_SELECTOR = YES;
				GCC_WARN_UNINITIALIZED_AUTOS = YES_AGGRESSIVE;
				GCC_WARN_UNUSED_FUNCTION = YES;
				GCC_WARN_UNUSED_VARIABLE = YES;
				IPHONEOS_DEPLOYMENT_TARGET = 17.2;
				LOCALIZATION_PREFERS_STRING_CATALOGS = YES;
				MTL_ENABLE_DEBUG_INFO = NO;
				MTL_FAST_MATH = YES;
				SDKROOT = iphoneos;
				SWIFT_COMPILATION_MODE = wholemodule;
				VALIDATE_PRODUCT = YES;
			};
			name = Release;
		};
		1E3FB9742BF11919005E9300 /* Debug */ = {
			isa = XCBuildConfiguration;
			buildSettings = {
				ASSETCATALOG_COMPILER_APPICON_NAME = AppIcon;
				ASSETCATALOG_COMPILER_GLOBAL_ACCENT_COLOR_NAME = AccentColor;
				CODE_SIGN_STYLE = Automatic;
				CURRENT_PROJECT_VERSION = 1;
				GENERATE_INFOPLIST_FILE = YES;
				INFOPLIST_FILE = SportPro/Info.plist;
				INFOPLIST_KEY_UIApplicationSupportsIndirectInputEvents = YES;
				INFOPLIST_KEY_UILaunchStoryboardName = LaunchScreen;
				INFOPLIST_KEY_UIMainStoryboardFile = Main;
				INFOPLIST_KEY_UISupportedInterfaceOrientations_iPad = "UIInterfaceOrientationPortrait UIInterfaceOrientationPortraitUpsideDown UIInterfaceOrientationLandscapeLeft UIInterfaceOrientationLandscapeRight";
				INFOPLIST_KEY_UISupportedInterfaceOrientations_iPhone = "UIInterfaceOrientationPortrait UIInterfaceOrientationLandscapeLeft UIInterfaceOrientationLandscapeRight";
				LD_RUNPATH_SEARCH_PATHS = (
					"$(inherited)",
					"@executable_path/Frameworks",
				);
				MARKETING_VERSION = 1.0;
				PRODUCT_BUNDLE_IDENTIFIER = "COM.ITI-IOS.SportPro";
				PRODUCT_NAME = "$(TARGET_NAME)";
				SWIFT_EMIT_LOC_STRINGS = YES;
				SWIFT_VERSION = 5.0;
				TARGETED_DEVICE_FAMILY = "1,2";
			};
			name = Debug;
		};
		1E3FB9752BF11919005E9300 /* Release */ = {
			isa = XCBuildConfiguration;
			buildSettings = {
				ASSETCATALOG_COMPILER_APPICON_NAME = AppIcon;
				ASSETCATALOG_COMPILER_GLOBAL_ACCENT_COLOR_NAME = AccentColor;
				CODE_SIGN_STYLE = Automatic;
				CURRENT_PROJECT_VERSION = 1;
				GENERATE_INFOPLIST_FILE = YES;
				INFOPLIST_FILE = SportPro/Info.plist;
				INFOPLIST_KEY_UIApplicationSupportsIndirectInputEvents = YES;
				INFOPLIST_KEY_UILaunchStoryboardName = LaunchScreen;
				INFOPLIST_KEY_UIMainStoryboardFile = Main;
				INFOPLIST_KEY_UISupportedInterfaceOrientations_iPad = "UIInterfaceOrientationPortrait UIInterfaceOrientationPortraitUpsideDown UIInterfaceOrientationLandscapeLeft UIInterfaceOrientationLandscapeRight";
				INFOPLIST_KEY_UISupportedInterfaceOrientations_iPhone = "UIInterfaceOrientationPortrait UIInterfaceOrientationLandscapeLeft UIInterfaceOrientationLandscapeRight";
				LD_RUNPATH_SEARCH_PATHS = (
					"$(inherited)",
					"@executable_path/Frameworks",
				);
				MARKETING_VERSION = 1.0;
				PRODUCT_BUNDLE_IDENTIFIER = "COM.ITI-IOS.SportPro";
				PRODUCT_NAME = "$(TARGET_NAME)";
				SWIFT_EMIT_LOC_STRINGS = YES;
				SWIFT_VERSION = 5.0;
				TARGETED_DEVICE_FAMILY = "1,2";
			};
			name = Release;
		};
		1E3FB9772BF11919005E9300 /* Debug */ = {
			isa = XCBuildConfiguration;
			buildSettings = {
				ALWAYS_EMBED_SWIFT_STANDARD_LIBRARIES = YES;
				BUNDLE_LOADER = "$(TEST_HOST)";
				CODE_SIGN_STYLE = Automatic;
				CURRENT_PROJECT_VERSION = 1;
				GENERATE_INFOPLIST_FILE = YES;
				IPHONEOS_DEPLOYMENT_TARGET = 17.2;
				MARKETING_VERSION = 1.0;
				PRODUCT_BUNDLE_IDENTIFIER = "COM.ITI-IOS.SportProTests";
				PRODUCT_NAME = "$(TARGET_NAME)";
				SWIFT_EMIT_LOC_STRINGS = NO;
				SWIFT_VERSION = 5.0;
				TARGETED_DEVICE_FAMILY = "1,2";
				TEST_HOST = "$(BUILT_PRODUCTS_DIR)/SportPro.app/$(BUNDLE_EXECUTABLE_FOLDER_PATH)/SportPro";
			};
			name = Debug;
		};
		1E3FB9782BF11919005E9300 /* Release */ = {
			isa = XCBuildConfiguration;
			buildSettings = {
				ALWAYS_EMBED_SWIFT_STANDARD_LIBRARIES = YES;
				BUNDLE_LOADER = "$(TEST_HOST)";
				CODE_SIGN_STYLE = Automatic;
				CURRENT_PROJECT_VERSION = 1;
				GENERATE_INFOPLIST_FILE = YES;
				IPHONEOS_DEPLOYMENT_TARGET = 17.2;
				MARKETING_VERSION = 1.0;
				PRODUCT_BUNDLE_IDENTIFIER = "COM.ITI-IOS.SportProTests";
				PRODUCT_NAME = "$(TARGET_NAME)";
				SWIFT_EMIT_LOC_STRINGS = NO;
				SWIFT_VERSION = 5.0;
				TARGETED_DEVICE_FAMILY = "1,2";
				TEST_HOST = "$(BUILT_PRODUCTS_DIR)/SportPro.app/$(BUNDLE_EXECUTABLE_FOLDER_PATH)/SportPro";
			};
			name = Release;
		};
		1E3FB97A2BF11919005E9300 /* Debug */ = {
			isa = XCBuildConfiguration;
			buildSettings = {
				ALWAYS_EMBED_SWIFT_STANDARD_LIBRARIES = YES;
				CODE_SIGN_STYLE = Automatic;
				CURRENT_PROJECT_VERSION = 1;
				GENERATE_INFOPLIST_FILE = YES;
				MARKETING_VERSION = 1.0;
				PRODUCT_BUNDLE_IDENTIFIER = "COM.ITI-IOS.SportProUITests";
				PRODUCT_NAME = "$(TARGET_NAME)";
				SWIFT_EMIT_LOC_STRINGS = NO;
				SWIFT_VERSION = 5.0;
				TARGETED_DEVICE_FAMILY = "1,2";
				TEST_TARGET_NAME = SportPro;
			};
			name = Debug;
		};
		1E3FB97B2BF11919005E9300 /* Release */ = {
			isa = XCBuildConfiguration;
			buildSettings = {
				ALWAYS_EMBED_SWIFT_STANDARD_LIBRARIES = YES;
				CODE_SIGN_STYLE = Automatic;
				CURRENT_PROJECT_VERSION = 1;
				GENERATE_INFOPLIST_FILE = YES;
				MARKETING_VERSION = 1.0;
				PRODUCT_BUNDLE_IDENTIFIER = "COM.ITI-IOS.SportProUITests";
				PRODUCT_NAME = "$(TARGET_NAME)";
				SWIFT_EMIT_LOC_STRINGS = NO;
				SWIFT_VERSION = 5.0;
				TARGETED_DEVICE_FAMILY = "1,2";
				TEST_TARGET_NAME = SportPro;
			};
			name = Release;
		};
/* End XCBuildConfiguration section */

/* Begin XCConfigurationList section */
		1E3FB9442BF11918005E9300 /* Build configuration list for PBXProject "SportPro" */ = {
			isa = XCConfigurationList;
			buildConfigurations = (
				1E3FB9712BF11919005E9300 /* Debug */,
				1E3FB9722BF11919005E9300 /* Release */,
			);
			defaultConfigurationIsVisible = 0;
			defaultConfigurationName = Release;
		};
		1E3FB9732BF11919005E9300 /* Build configuration list for PBXNativeTarget "SportPro" */ = {
			isa = XCConfigurationList;
			buildConfigurations = (
				1E3FB9742BF11919005E9300 /* Debug */,
				1E3FB9752BF11919005E9300 /* Release */,
			);
			defaultConfigurationIsVisible = 0;
			defaultConfigurationName = Release;
		};
		1E3FB9762BF11919005E9300 /* Build configuration list for PBXNativeTarget "SportProTests" */ = {
			isa = XCConfigurationList;
			buildConfigurations = (
				1E3FB9772BF11919005E9300 /* Debug */,
				1E3FB9782BF11919005E9300 /* Release */,
			);
			defaultConfigurationIsVisible = 0;
			defaultConfigurationName = Release;
		};
		1E3FB9792BF11919005E9300 /* Build configuration list for PBXNativeTarget "SportProUITests" */ = {
			isa = XCConfigurationList;
			buildConfigurations = (
				1E3FB97A2BF11919005E9300 /* Debug */,
				1E3FB97B2BF11919005E9300 /* Release */,
			);
			defaultConfigurationIsVisible = 0;
			defaultConfigurationName = Release;
		};
/* End XCConfigurationList section */

/* Begin XCRemoteSwiftPackageReference section */
		BE41F5E02BF1F9C3007FF137 /* XCRemoteSwiftPackageReference "Alamofire" */ = {
			isa = XCRemoteSwiftPackageReference;
			repositoryURL = "https://github.com/Alamofire/Alamofire.git";
			requirement = {
				kind = upToNextMajorVersion;
				minimumVersion = 5.9.1;
			};
		};
/* End XCRemoteSwiftPackageReference section */

/* Begin XCSwiftPackageProductDependency section */
		BE41F5E32BF2072B007FF137 /* Alamofire */ = {
			isa = XCSwiftPackageProductDependency;
			package = BE41F5E02BF1F9C3007FF137 /* XCRemoteSwiftPackageReference "Alamofire" */;
			productName = Alamofire;
		};
/* End XCSwiftPackageProductDependency section */

/* Begin XCVersionGroup section */
		1E3FB97C2BF11938005E9300 /* SportPro.xcdatamodeld */ = {
			isa = XCVersionGroup;
			children = (
				1E3FB97D2BF11938005E9300 /* SportPro.xcdatamodel */,
			);
			currentVersion = 1E3FB97D2BF11938005E9300 /* SportPro.xcdatamodel */;
			path = SportPro.xcdatamodeld;
			sourceTree = "<group>";
			versionGroupType = wrapper.xcdatamodel;
		};
/* End XCVersionGroup section */
	};
	rootObject = 1E3FB9412BF11918005E9300 /* Project object */;
}
